cloud.google.com/go/compute/metadata v0.3.0 h1:Tz+eQXMEqDIKRsmY3cHTL6FVaynIjX2QxYC4trgAKZc=
cloud.google.com/go/compute/metadata v0.3.0/go.mod h1:zFmK7XCadkQkj6TtorcaGlCW1hT1fIilQDwofLpJ20k=
github.com/go-chi/chi/v5 v5.2.2 h1:CMwsvRVTbXVytCk1Wd72Zy1LAsAh9GxMmSNWLHCG618=
github.com/go-chi/chi/v5 v5.2.2/go.mod h1:L2yAIGWB3H+phAw1NxKwWM+7eUH/lU8pOMm5hHcoops=
github.com/gorilla/context v1.1.1 h1:AWwleXJkX/nhcU9bZSnZoi3h/qGYqQAGhq6zZe/aQW8=
github.com/gorilla/context v1.1.1/go.mod h1:kBGZzfjB9CEq2AlWe17Uuf7NDRt0dE0s8S51q0aT7Yg=
github.com/gorilla/mux v1.6.2 h1:Pgr17XVTNXAk3q/r4CpKzC5xBM/qW1uVLV+IhRZpIIk=
github.com/gorilla/mux v1.6.2/go.mod h1:1lud6UwP+6orDFRuTfBEV8e9/aOM/c4fVVCaMa2zaAs=
github.com/gorilla/securecookie v1.1.1 h1:miw7JPhV+b/lAHSXz4qd/nN9jRiAFV5FwjeKyCS8BvQ=
github.com/gorilla/securecookie v1.1.1/go.mod h1:ra0sb63/xPlUeL+yeDciTfxMRAA+MP+HVt/4epWDjd4=
github.com/gorilla/sessions v1.1.1 h1:YMDmfaK68mUixINzY/XjscuJ47uXFWSSHzFbBQM0PrE=
github.com/gorilla/sessions v1.1.1/go.mod h1:8KCfur6+4Mqcc6S0FEfKuN15Vl5MgXW92AE8ovaJD0w=
github.com/markbates/goth v1.82.0 h1:8j/c34AjBSTNzO7zTsOyP5IYCQCMBTRBHAbBt/PI0bQ=
github.com/markbates/goth v1.82.0/go.mod h1:/DRlcq0pyqkKToyZjsL2KgiA1zbF1HIjE7u2uC79rUk=
golang.org/x/oauth2 v0.27.0 h1:da9Vo7/tDv5RH/7nZDz1eMGS/q1Vv1N/7FCrBhI9I3M=
golang.org/x/oauth2 v0.27.0/go.mod h1:onh5ek6nERTohokkhCD/y2cV4Do3fxFHFuAejCkRWT8=
